<?xml version="1.0" encoding="utf-8"?>
<Project ToolsVersion="4.0" xmlns="http://schemas.microsoft.com/developer/msbuild/2003">
  <ItemGroup>
    <Filter Include="src">
      <UniqueIdentifier>{4FC737F1-C7A5-4376-A066-2A32D752A2FF}</UniqueIdentifier>
      <Extensions>cpp;c;cc;cxx;def;odl;idl;hpj;bat;asm;asmx</Extensions>
    </Filter>
    <Filter Include="vstsdk">
      <UniqueIdentifier>{68d72f98-6a49-420f-a25e-f37acec3ed31}</UniqueIdentifier>
    </Filter>
    <Filter Include="fftw3">
      <UniqueIdentifier>{2ad7ff55-fb7c-42ea-ab6f-252177647cf5}</UniqueIdentifier>
    </Filter>
  </ItemGroup>
  <ItemGroup>
    <ClCompile Include="..\..\vstsdk2.4\public.sdk\source\vst2.x\audioeffectx.cpp">
      <Filter>vstsdk</Filter>
    </ClCompile>
    <ClCompile Include="..\..\vstsdk2.4\public.sdk\source\vst2.x\vstplugmain.cpp">
      <Filter>vstsdk</Filter>
    </ClCompile>
    <ClCompile Include="..\..\vstsdk2.4\public.sdk\source\vst2.x\audioeffect.cpp">
      <Filter>vstsdk</Filter>
    </ClCompile>
    <ClCompile Include="..\..\src\VstPlugIn.cpp">
      <Filter>src</Filter>
    </ClCompile>
  </ItemGroup>
  <ItemGroup>
    <ClInclude Include="..\..\src\avx.h">
      <Filter>src</Filter>
    </ClInclude>
    <ClInclude Include="..\..\vstsdk2.4\public.sdk\source\vst2.x\audioeffect.h">
      <Filter>vstsdk</Filter>
    </ClInclude>
    <ClInclude Include="..\..\vstsdk2.4\public.sdk\source\vst2.x\audioeffectx.h">
      <Filter>vstsdk</Filter>
    </ClInclude>
    <ClInclude Include="..\..\vstsdk2.4\public.sdk\source\vst2.x\aeffeditor.h">
      <Filter>vstsdk</Filter>
    </ClInclude>
    <ClInclude Include="..\..\src\VstPlugIn.h">
      <Filter>src</Filter>
    </ClInclude>
    <ClInclude Include="..\..\src\PerfCounter.h">
      <Filter>src</Filter>
    </ClInclude>
    <ClInclude Include="..\..\fftw3_32\fftw3.h">
      <Filter>fftw3</Filter>
    </ClInclude>
  </ItemGroup>
  <ItemGroup>
    <Library Include="..\..\fftw3_32\libfftw3-3.lib">
      <Filter>fftw3</Filter>
    </Library>
  </ItemGroup>
</Project>