// !$*UTF8*$!
{
	archiveVersion = 1;
	classes = {
	};
	objectVersion = 46;
	objects = {

/* Begin PBXBuildFile section */
		8BCEE754165E158E003BBAFF /* main.cpp in Sources */ = {isa = PBXBuildFile; fileRef = 8BCEE753165E158E003BBAFF /* main.cpp */; };
		8BCEE756165E158E003BBAFF /* test_coreaudio.1 in CopyFiles */ = {isa = PBXBuildFile; fileRef = 8BCEE755165E158E003BBAFF /* test_coreaudio.1 */; };
/* End PBXBuildFile section */

/* Begin PBXCopyFilesBuildPhase section */
		8BCEE74D165E158E003BBAFF /* CopyFiles */ = {
			isa = PBXCopyFilesBuildPhase;
			buildActionMask = 2147483647;
			dstPath = /usr/share/man/man1/;
			dstSubfolderSpec = 0;
			files = (
				8BCEE756165E158E003BBAFF /* test_coreaudio.1 in CopyFiles */,
			);
			runOnlyForDeploymentPostprocessing = 1;
		};
/* End PBXCopyFilesBuildPhase section */

/* Begin PBXFileReference section */
		8BCEE74F165E158E003BBAFF /* test_coreaudio */ = {isa = PBXFileReference; explicitFileType = "compiled.mach-o.executable"; includeInIndex = 0; path = test_coreaudio; sourceTree = BUILT_PRODUCTS_DIR; };
		8BCEE753165E158E003BBAFF /* main.cpp */ = {isa = PBXFileReference; lastKnownFileType = sourcecode.cpp.cpp; path = main.cpp; sourceTree = "<group>"; };
		8BCEE755165E158E003BBAFF /* test_coreaudio.1 */ = {isa = PBXFileReference; lastKnownFileType = text.man; path = test_coreaudio.1; sourceTree = "<group>"; };
/* End PBXFileReference section */

/* Begin PBXFrameworksBuildPhase section */
		8BCEE74C165E158E003BBAFF /* Frameworks */ = {
			isa = PBXFrameworksBuildPhase;
			buildActionMask = 2147483647;
			files = (
			);
			runOnlyForDeploymentPostprocessing = 0;
		};
/* End PBXFrameworksBuildPhase section */

/* Begin PBXGroup section */
		8BCEE744165E158E003BBAFF = {
			isa = PBXGroup;
			children = (
				8BCEE752165E158E003BBAFF /* test_coreaudio */,
				8BCEE750165E158E003BBAFF /* Products */,
			);
			sourceTree = "<group>";
		};
		8BCEE750165E158E003BBAFF /* Products */ = {
			isa = PBXGroup;
			children = (
				8BCEE74F165E158E003BBAFF /* test_coreaudio */,
			);
			name = Products;
			sourceTree = "<group>";
		};
		8BCEE752165E158E003BBAFF /* test_coreaudio */ = {
			isa = PBXGroup;
			children = (
				8BCEE753165E158E003BBAFF /* main.cpp */,
				8BCEE755165E158E003BBAFF /* test_coreaudio.1 */,
			);
			path = test_coreaudio;
			sourceTree = "<group>";
		};
/* End PBXGroup section */

/* Begin PBXNativeTarget section */
		8BCEE74E165E158E003BBAFF /* test_coreaudio */ = {
			isa = PBXNativeTarget;
			buildConfigurationList = 8BCEE759165E158E003BBAFF /* Build configuration list for PBXNativeTarget "test_coreaudio" */;
			buildPhases = (
				8BCEE74B165E158E003BBAFF /* Sources */,
				8BCEE74C165E158E003BBAFF /* Frameworks */,
				8BCEE74D165E158E003BBAFF /* CopyFiles */,
			);
			buildRules = (
			);
			dependencies = (
			);
			name = test_coreaudio;
			productName = test_coreaudio;
			productReference = 8BCEE74F165E158E003BBAFF /* test_coreaudio */;
			productType = "com.apple.product-type.tool";
		};
/* End PBXNativeTarget section */

/* Begin PBXProject section */
		8BCEE746165E158E003BBAFF /* Project object */ = {
			isa = PBXProject;
			attributes = {
				LastUpgradeCheck = 0450;
				ORGANIZATIONNAME = developer;
			};
			buildConfigurationList = 8BCEE749165E158E003BBAFF /* Build configuration list for PBXProject "test_coreaudio" */;
			compatibilityVersion = "Xcode 3.2";
			developmentRegion = English;
			hasScannedForEncodings = 0;
			knownRegions = (
				en,
			);
			mainGroup = 8BCEE744165E158E003BBAFF;
			productRefGroup = 8BCEE750165E158E003BBAFF /* Products */;
			projectDirPath = "";
			projectRoot = "";
			targets = (
				8BCEE74E165E158E003BBAFF /* test_coreaudio */,
			);
		};
/* End PBXProject section */

/* Begin PBXSourcesBuildPhase section */
		8BCEE74B165E158E003BBAFF /* Sources */ = {
			isa = PBXSourcesBuildPhase;
			buildActionMask = 2147483647;
			files = (
				8BCEE754165E158E003BBAFF /* main.cpp in Sources */,
			);
			runOnlyForDeploymentPostprocessing = 0;
		};
/* End PBXSourcesBuildPhase section */

/* Begin XCBuildConfiguration section */
		8BCEE757165E158E003BBAFF /* Debug */ = {
			isa = XCBuildConfiguration;
			buildSettings = {
				ALWAYS_SEARCH_USER_PATHS = NO;
				ARCHS = "$(ARCHS_STANDARD_64_BIT)";
				CLANG_CXX_LANGUAGE_STANDARD = "gnu++0x";
				CLANG_CXX_LIBRARY = "libc++";
				CLANG_WARN_EMPTY_BODY = YES;
				CLANG_WARN__DUPLICATE_METHOD_MATCH = YES;
				COPY_PHASE_STRIP = NO;
				GCC_C_LANGUAGE_STANDARD = gnu99;
				GCC_DYNAMIC_NO_PIC = NO;
				GCC_ENABLE_OBJC_EXCEPTIONS = YES;
				GCC_OPTIMIZATION_LEVEL = 0;
				GCC_PREPROCESSOR_DEFINITIONS = (
					"DEBUG=1",
					"$(inherited)",
				);
				GCC_SYMBOLS_PRIVATE_EXTERN = NO;
				GCC_VERSION = "";
				GCC_WARN_64_TO_32_BIT_CONVERSION = YES;
				GCC_WARN_ABOUT_RETURN_TYPE = YES;
				GCC_WARN_UNINITIALIZED_AUTOS = YES;
				GCC_WARN_UNUSED_VARIABLE = YES;
				MACOSX_DEPLOYMENT_TARGET = 10.8;
				ONLY_ACTIVE_ARCH = YES;
				SDKROOT = macosx;
			};
			name = Debug;
		};
		8BCEE758165E158E003BBAFF /* Release */ = {
			isa = XCBuildConfiguration;
			buildSettings = {
				ALWAYS_SEARCH_USER_PATHS = NO;
				ARCHS = "$(ARCHS_STANDARD_64_BIT)";
				CLANG_CXX_LANGUAGE_STANDARD = "gnu++0x";
				CLANG_CXX_LIBRARY = "libc++";
				CLANG_WARN_EMPTY_BODY = YES;
				CLANG_WARN__DUPLICATE_METHOD_MATCH = YES;
				COPY_PHASE_STRIP = YES;
				DEBUG_INFORMATION_FORMAT = "dwarf-with-dsym";
				GCC_C_LANGUAGE_STANDARD = gnu99;
				GCC_ENABLE_OBJC_EXCEPTIONS = YES;
				GCC_VERSION = "";
				GCC_WARN_64_TO_32_BIT_CONVERSION = YES;
				GCC_WARN_ABOUT_RETURN_TYPE = YES;
				GCC_WARN_UNINITIALIZED_AUTOS = YES;
				GCC_WARN_UNUSED_VARIABLE = YES;
				MACOSX_DEPLOYMENT_TARGET = 10.8;
				SDKROOT = macosx;
			};
			name = Release;
		};
		8BCEE75A165E158E003BBAFF /* Debug */ = {
			isa = XCBuildConfiguration;
			buildSettings = {
				PRODUCT_NAME = "$(TARGET_NAME)";
			};
			name = Debug;
		};
		8BCEE75B165E158E003BBAFF /* Release */ = {
			isa = XCBuildConfiguration;
			buildSettings = {
				PRODUCT_NAME = "$(TARGET_NAME)";
			};
			name = Release;
		};
/* End XCBuildConfiguration section */

/* Begin XCConfigurationList section */
		8BCEE749165E158E003BBAFF /* Build configuration list for PBXProject "test_coreaudio" */ = {
			isa = XCConfigurationList;
			buildConfigurations = (
				8BCEE757165E158E003BBAFF /* Debug */,
				8BCEE758165E158E003BBAFF /* Release */,
			);
			defaultConfigurationIsVisible = 0;
			defaultConfigurationName = Release;
		};
		8BCEE759165E158E003BBAFF /* Build configuration list for PBXNativeTarget "test_coreaudio" */ = {
			isa = XCConfigurationList;
			buildConfigurations = (
				8BCEE75A165E158E003BBAFF /* Debug */,
				8BCEE75B165E158E003BBAFF /* Release */,
			);
			defaultConfigurationIsVisible = 0;
			defaultConfigurationName = Release;
		};
/* End XCConfigurationList section */
	};
	rootObject = 8BCEE746165E158E003BBAFF /* Project object */;
}
